
Microsoft Visual Studio Solution File, Format Version 12.00
# Visual Studio Version 17
VisualStudioVersion = 17.10.35004.147
MinimumVisualStudioVersion = 10.0.40219.1
Project("{FAE04EC0-301F-11D3-BF4B-00C04F79EFBC}") = "ElevatedTrainStation_VanillaSubway", "ElevatedTrainStation_VanillaSubway.csproj", "{5E8419E6-3501-4837-A837-83E2B42989CC}"
EndProject
Global
	GlobalSection(SolutionConfigurationPlatforms) = preSolution
		Debug|Any CPU = Debug|Any CPU
		Release|Any CPU = Release|Any CPU
	EndGlobalSection
	GlobalSection(ProjectConfigurationPlatforms) = postSolution
		{5E8419E6-3501-4837-A837-83E2B42989CC}.Debug|Any CPU.ActiveCfg = Debug|Any CPU
		{5E8419E6-3501-4837-A837-83E2B42989CC}.Debug|Any CPU.Build.0 = Debug|Any CPU
		{5E8419E6-3501-4837-A837-83E2B42989CC}.Release|Any CPU.ActiveCfg = Release|Any CPU
		{5E8419E6-3501-4837-A837-83E2B42989CC}.Release|Any CPU.Build.0 = Release|Any CPU
	EndGlobalSection
	GlobalSection(SolutionProperties) = preSolution
		HideSolutionNode = FALSE
	EndGlobalSection
	GlobalSection(ExtensibilityGlobals) = postSolution
		SolutionGuid = {B2D4EB5D-8337-41ED-A64A-60A904E76C71}
	EndGlobalSection
EndGlobal
